
Microsoft Visual Studio Solution File, Format Version 12.00
# Visual Studio Version 17
VisualStudioVersion = 17.10.35027.167
MinimumVisualStudioVersion = 10.0.40219.1
Project("{FAE04EC0-301F-11D3-BF4B-00C04F79EFBC}") = "lab4", "lab4.csproj", "{80819ABC-16B1-4436-AFB1-9B03559A87E0}"
EndProject
Global
	GlobalSection(SolutionConfigurationPlatforms) = preSolution
		Debug|Any CPU = Debug|Any CPU
		Release|Any CPU = Release|Any CPU
	EndGlobalSection
	GlobalSection(ProjectConfigurationPlatforms) = postSolution
		{80819ABC-16B1-4436-AFB1-9B03559A87E0}.Debug|Any CPU.ActiveCfg = Debug|Any CPU
		{80819ABC-16B1-4436-AFB1-9B03559A87E0}.Debug|Any CPU.Build.0 = Debug|Any CPU
		{80819ABC-16B1-4436-AFB1-9B03559A87E0}.Release|Any CPU.ActiveCfg = Release|Any CPU
		{80819ABC-16B1-4436-AFB1-9B03559A87E0}.Release|Any CPU.Build.0 = Release|Any CPU
	EndGlobalSection
	GlobalSection(SolutionProperties) = preSolution
		HideSolutionNode = FALSE
	EndGlobalSection
	GlobalSection(ExtensibilityGlobals) = postSolution
		SolutionGuid = {F3F225A1-C5F9-4173-9967-0440E6D0950E}
	EndGlobalSection
EndGlobal
